
Microsoft Visual Studio Solution File, Format Version 12.00
# Visual Studio Version 17
VisualStudioVersion = 17.13.35919.96 d17.13
MinimumVisualStudioVersion = 10.0.40219.1
Project("{FAE04EC0-301F-11D3-BF4B-00C04F79EFBC}") = "DPM225414_TranNamDat_Pattern07_BridgeReal", "DPM225414_TranNamDat_Pattern07_BridgeReal.csproj", "{C076C073-82C6-4E0D-8A61-BC33B4787BF9}"
EndProject
Global
	GlobalSection(SolutionConfigurationPlatforms) = preSolution
		Debug|Any CPU = Debug|Any CPU
		Release|Any CPU = Release|Any CPU
	EndGlobalSection
	GlobalSection(ProjectConfigurationPlatforms) = postSolution
		{C076C073-82C6-4E0D-8A61-BC33B4787BF9}.Debug|Any CPU.ActiveCfg = Debug|Any CPU
		{C076C073-82C6-4E0D-8A61-BC33B4787BF9}.Debug|Any CPU.Build.0 = Debug|Any CPU
		{C076C073-82C6-4E0D-8A61-BC33B4787BF9}.Release|Any CPU.ActiveCfg = Release|Any CPU
		{C076C073-82C6-4E0D-8A61-BC33B4787BF9}.Release|Any CPU.Build.0 = Release|Any CPU
	EndGlobalSection
	GlobalSection(SolutionProperties) = preSolution
		HideSolutionNode = FALSE
	EndGlobalSection
	GlobalSection(ExtensibilityGlobals) = postSolution
		SolutionGuid = {CE940B52-F2AA-4ACB-A550-1E43EB9BA83F}
	EndGlobalSection
EndGlobal
