
Microsoft Visual Studio Solution File, Format Version 12.00
# Visual Studio Version 17
VisualStudioVersion = 17.10.35027.167
MinimumVisualStudioVersion = 10.0.40219.1
Project("{FAE04EC0-301F-11D3-BF4B-00C04F79EFBC}") = "DPM225452_DoanTrongNhan_MyWorld18_Memento", "DPM225452_DoanTrongNhan_MyWorld18_Memento\DPM225452_DoanTrongNhan_MyWorld18_Memento.csproj", "{BCFAD883-748F-4FFE-A719-4F45FF8A2601}"
EndProject
Global
	GlobalSection(SolutionConfigurationPlatforms) = preSolution
		Debug|Any CPU = Debug|Any CPU
		Release|Any CPU = Release|Any CPU
	EndGlobalSection
	GlobalSection(ProjectConfigurationPlatforms) = postSolution
		{BCFAD883-748F-4FFE-A719-4F45FF8A2601}.Debug|Any CPU.ActiveCfg = Debug|Any CPU
		{BCFAD883-748F-4FFE-A719-4F45FF8A2601}.Debug|Any CPU.Build.0 = Debug|Any CPU
		{BCFAD883-748F-4FFE-A719-4F45FF8A2601}.Release|Any CPU.ActiveCfg = Release|Any CPU
		{BCFAD883-748F-4FFE-A719-4F45FF8A2601}.Release|Any CPU.Build.0 = Release|Any CPU
	EndGlobalSection
	GlobalSection(SolutionProperties) = preSolution
		HideSolutionNode = FALSE
	EndGlobalSection
	GlobalSection(ExtensibilityGlobals) = postSolution
		SolutionGuid = {AD05C0AC-DB7B-493A-BAAD-2CC9CFBAA7A9}
	EndGlobalSection
EndGlobal
