
Microsoft Visual Studio Solution File, Format Version 12.00
# Visual Studio Version 17
VisualStudioVersion = 17.10.35027.167
MinimumVisualStudioVersion = 10.0.40219.1
Project("{FAE04EC0-301F-11D3-BF4B-00C04F79EFBC}") = "DPM225452_DoanTrongNhan_Pattern20_State", "DPM225452_DoanTrongNhan_Pattern20_State\DPM225452_DoanTrongNhan_Pattern20_State.csproj", "{7F39B6DC-4D8A-487A-B8B4-CC62B9EB08BF}"
EndProject
Global
	GlobalSection(SolutionConfigurationPlatforms) = preSolution
		Debug|Any CPU = Debug|Any CPU
		Release|Any CPU = Release|Any CPU
	EndGlobalSection
	GlobalSection(ProjectConfigurationPlatforms) = postSolution
		{7F39B6DC-4D8A-487A-B8B4-CC62B9EB08BF}.Debug|Any CPU.ActiveCfg = Debug|Any CPU
		{7F39B6DC-4D8A-487A-B8B4-CC62B9EB08BF}.Debug|Any CPU.Build.0 = Debug|Any CPU
		{7F39B6DC-4D8A-487A-B8B4-CC62B9EB08BF}.Release|Any CPU.ActiveCfg = Release|Any CPU
		{7F39B6DC-4D8A-487A-B8B4-CC62B9EB08BF}.Release|Any CPU.Build.0 = Release|Any CPU
	EndGlobalSection
	GlobalSection(SolutionProperties) = preSolution
		HideSolutionNode = FALSE
	EndGlobalSection
	GlobalSection(ExtensibilityGlobals) = postSolution
		SolutionGuid = {6990CC30-1840-40FC-972E-811C7DBB46F9}
	EndGlobalSection
EndGlobal
