
Microsoft Visual Studio Solution File, Format Version 12.00
# Visual Studio Version 17
VisualStudioVersion = 17.10.35027.167
MinimumVisualStudioVersion = 10.0.40219.1
Project("{FAE04EC0-301F-11D3-BF4B-00C04F79EFBC}") = "DPM225414_TranNamDat_Myworld06_Adapter", "DPM225414_TranNamDat_Myworld06_Adapter\DPM225414_TranNamDat_Myworld06_Adapter.csproj", "{BD3AF405-9AD4-4185-975F-9C350F5BDB4D}"
EndProject
Global
	GlobalSection(SolutionConfigurationPlatforms) = preSolution
		Debug|Any CPU = Debug|Any CPU
		Release|Any CPU = Release|Any CPU
	EndGlobalSection
	GlobalSection(ProjectConfigurationPlatforms) = postSolution
		{BD3AF405-9AD4-4185-975F-9C350F5BDB4D}.Debug|Any CPU.ActiveCfg = Debug|Any CPU
		{BD3AF405-9AD4-4185-975F-9C350F5BDB4D}.Debug|Any CPU.Build.0 = Debug|Any CPU
		{BD3AF405-9AD4-4185-975F-9C350F5BDB4D}.Release|Any CPU.ActiveCfg = Release|Any CPU
		{BD3AF405-9AD4-4185-975F-9C350F5BDB4D}.Release|Any CPU.Build.0 = Release|Any CPU
	EndGlobalSection
	GlobalSection(SolutionProperties) = preSolution
		HideSolutionNode = FALSE
	EndGlobalSection
	GlobalSection(ExtensibilityGlobals) = postSolution
		SolutionGuid = {68900ECA-1886-478E-9A47-D83708E5E4E2}
	EndGlobalSection
EndGlobal
