
Microsoft Visual Studio Solution File, Format Version 12.00
# Visual Studio Version 17
VisualStudioVersion = 17.10.35027.167
MinimumVisualStudioVersion = 10.0.40219.1
Project("{FAE04EC0-301F-11D3-BF4B-00C04F79EFBC}") = "DPM225452_DoanTrongNhan_MyWorld22_Template", "DPM225452_DoanTrongNhan_MyWorld22_Template\DPM225452_DoanTrongNhan_MyWorld22_Template.csproj", "{444073E5-D196-4EF8-8B3A-6C0B6CD629A9}"
EndProject
Global
	GlobalSection(SolutionConfigurationPlatforms) = preSolution
		Debug|Any CPU = Debug|Any CPU
		Release|Any CPU = Release|Any CPU
	EndGlobalSection
	GlobalSection(ProjectConfigurationPlatforms) = postSolution
		{444073E5-D196-4EF8-8B3A-6C0B6CD629A9}.Debug|Any CPU.ActiveCfg = Debug|Any CPU
		{444073E5-D196-4EF8-8B3A-6C0B6CD629A9}.Debug|Any CPU.Build.0 = Debug|Any CPU
		{444073E5-D196-4EF8-8B3A-6C0B6CD629A9}.Release|Any CPU.ActiveCfg = Release|Any CPU
		{444073E5-D196-4EF8-8B3A-6C0B6CD629A9}.Release|Any CPU.Build.0 = Release|Any CPU
	EndGlobalSection
	GlobalSection(SolutionProperties) = preSolution
		HideSolutionNode = FALSE
	EndGlobalSection
	GlobalSection(ExtensibilityGlobals) = postSolution
		SolutionGuid = {62EC1B3C-A717-4826-967B-6A9671366F18}
	EndGlobalSection
EndGlobal
