
Microsoft Visual Studio Solution File, Format Version 12.00
# Visual Studio Version 17
VisualStudioVersion = 17.10.35027.167
MinimumVisualStudioVersion = 10.0.40219.1
Project("{FAE04EC0-301F-11D3-BF4B-00C04F79EFBC}") = "DPM225414_TranNamDat_Real14_ChainofResponsibility", "DPM225414_TranNamDat_Real14_ChainofResponsibility\DPM225414_TranNamDat_Real14_ChainofResponsibility.csproj", "{BF241DA8-D2D3-4E64-984C-66FD2BF55039}"
EndProject
Global
	GlobalSection(SolutionConfigurationPlatforms) = preSolution
		Debug|Any CPU = Debug|Any CPU
		Release|Any CPU = Release|Any CPU
	EndGlobalSection
	GlobalSection(ProjectConfigurationPlatforms) = postSolution
		{BF241DA8-D2D3-4E64-984C-66FD2BF55039}.Debug|Any CPU.ActiveCfg = Debug|Any CPU
		{BF241DA8-D2D3-4E64-984C-66FD2BF55039}.Debug|Any CPU.Build.0 = Debug|Any CPU
		{BF241DA8-D2D3-4E64-984C-66FD2BF55039}.Release|Any CPU.ActiveCfg = Release|Any CPU
		{BF241DA8-D2D3-4E64-984C-66FD2BF55039}.Release|Any CPU.Build.0 = Release|Any CPU
	EndGlobalSection
	GlobalSection(SolutionProperties) = preSolution
		HideSolutionNode = FALSE
	EndGlobalSection
	GlobalSection(ExtensibilityGlobals) = postSolution
		SolutionGuid = {3E527BD3-A196-41CA-823A-0742469DB47D}
	EndGlobalSection
EndGlobal
