
Microsoft Visual Studio Solution File, Format Version 12.00
# Visual Studio Version 17
VisualStudioVersion = 17.13.35919.96 d17.13
MinimumVisualStudioVersion = 10.0.40219.1
Project("{FAE04EC0-301F-11D3-BF4B-00C04F79EFBC}") = "DPM225414_TranNamDat_Pattern09_DecoratorPattern", "DPM225414_TranNamDat_Pattern09_DecoratorPattern.csproj", "{05CE80BB-8488-461C-B249-AC8EF9A26E19}"
EndProject
Global
	GlobalSection(SolutionConfigurationPlatforms) = preSolution
		Debug|Any CPU = Debug|Any CPU
		Release|Any CPU = Release|Any CPU
	EndGlobalSection
	GlobalSection(ProjectConfigurationPlatforms) = postSolution
		{05CE80BB-8488-461C-B249-AC8EF9A26E19}.Debug|Any CPU.ActiveCfg = Debug|Any CPU
		{05CE80BB-8488-461C-B249-AC8EF9A26E19}.Debug|Any CPU.Build.0 = Debug|Any CPU
		{05CE80BB-8488-461C-B249-AC8EF9A26E19}.Release|Any CPU.ActiveCfg = Release|Any CPU
		{05CE80BB-8488-461C-B249-AC8EF9A26E19}.Release|Any CPU.Build.0 = Release|Any CPU
	EndGlobalSection
	GlobalSection(SolutionProperties) = preSolution
		HideSolutionNode = FALSE
	EndGlobalSection
	GlobalSection(ExtensibilityGlobals) = postSolution
		SolutionGuid = {68E6D339-3C7C-4614-99DA-50E883F98BEE}
	EndGlobalSection
EndGlobal
