
Microsoft Visual Studio Solution File, Format Version 12.00
# Visual Studio Version 17
VisualStudioVersion = 17.10.35027.167
MinimumVisualStudioVersion = 10.0.40219.1
Project("{FAE04EC0-301F-11D3-BF4B-00C04F79EFBC}") = "DPM225414_TranNamDat_Pattern17_Interpreter", "DPM225414_TranNamDat_Pattern17_Interpreter\DPM225414_TranNamDat_Pattern17_Interpreter.csproj", "{2D193F46-8B92-4445-ABC3-53D0D28A359E}"
EndProject
Global
	GlobalSection(SolutionConfigurationPlatforms) = preSolution
		Debug|Any CPU = Debug|Any CPU
		Release|Any CPU = Release|Any CPU
	EndGlobalSection
	GlobalSection(ProjectConfigurationPlatforms) = postSolution
		{2D193F46-8B92-4445-ABC3-53D0D28A359E}.Debug|Any CPU.ActiveCfg = Debug|Any CPU
		{2D193F46-8B92-4445-ABC3-53D0D28A359E}.Debug|Any CPU.Build.0 = Debug|Any CPU
		{2D193F46-8B92-4445-ABC3-53D0D28A359E}.Release|Any CPU.ActiveCfg = Release|Any CPU
		{2D193F46-8B92-4445-ABC3-53D0D28A359E}.Release|Any CPU.Build.0 = Release|Any CPU
	EndGlobalSection
	GlobalSection(SolutionProperties) = preSolution
		HideSolutionNode = FALSE
	EndGlobalSection
	GlobalSection(ExtensibilityGlobals) = postSolution
		SolutionGuid = {1F86822F-7C0A-4E20-9AED-D1C14B9C210A}
	EndGlobalSection
EndGlobal
