
Microsoft Visual Studio Solution File, Format Version 12.00
# Visual Studio Version 17
VisualStudioVersion = 17.10.35027.167
MinimumVisualStudioVersion = 10.0.40219.1
Project("{FAE04EC0-301F-11D3-BF4B-00C04F79EFBC}") = "DPM225414_TranNamDat_Real11_Flyweight", "DPM225414_TranNamDat_Real11_Flyweight\DPM225414_TranNamDat_Real11_Flyweight.csproj", "{BD994F0B-379B-4540-86F2-040A9A7E9D45}"
EndProject
Global
	GlobalSection(SolutionConfigurationPlatforms) = preSolution
		Debug|Any CPU = Debug|Any CPU
		Release|Any CPU = Release|Any CPU
	EndGlobalSection
	GlobalSection(ProjectConfigurationPlatforms) = postSolution
		{BD994F0B-379B-4540-86F2-040A9A7E9D45}.Debug|Any CPU.ActiveCfg = Debug|Any CPU
		{BD994F0B-379B-4540-86F2-040A9A7E9D45}.Debug|Any CPU.Build.0 = Debug|Any CPU
		{BD994F0B-379B-4540-86F2-040A9A7E9D45}.Release|Any CPU.ActiveCfg = Release|Any CPU
		{BD994F0B-379B-4540-86F2-040A9A7E9D45}.Release|Any CPU.Build.0 = Release|Any CPU
	EndGlobalSection
	GlobalSection(SolutionProperties) = preSolution
		HideSolutionNode = FALSE
	EndGlobalSection
	GlobalSection(ExtensibilityGlobals) = postSolution
		SolutionGuid = {C7D5D466-26FC-4051-95AC-2DFB17751F03}
	EndGlobalSection
EndGlobal
