
Microsoft Visual Studio Solution File, Format Version 12.00
# Visual Studio Version 17
VisualStudioVersion = 17.13.35919.96 d17.13
MinimumVisualStudioVersion = 10.0.40219.1
Project("{FAE04EC0-301F-11D3-BF4B-00C04F79EFBC}") = "DPM225414_TranNamDat_Pattern10_FacadePattern", "DPM225414_TranNamDat_Pattern10_FacadePattern.csproj", "{C16C634C-3F01-419B-A130-693210AB597D}"
EndProject
Global
	GlobalSection(SolutionConfigurationPlatforms) = preSolution
		Debug|Any CPU = Debug|Any CPU
		Release|Any CPU = Release|Any CPU
	EndGlobalSection
	GlobalSection(ProjectConfigurationPlatforms) = postSolution
		{C16C634C-3F01-419B-A130-693210AB597D}.Debug|Any CPU.ActiveCfg = Debug|Any CPU
		{C16C634C-3F01-419B-A130-693210AB597D}.Debug|Any CPU.Build.0 = Debug|Any CPU
		{C16C634C-3F01-419B-A130-693210AB597D}.Release|Any CPU.ActiveCfg = Release|Any CPU
		{C16C634C-3F01-419B-A130-693210AB597D}.Release|Any CPU.Build.0 = Release|Any CPU
	EndGlobalSection
	GlobalSection(SolutionProperties) = preSolution
		HideSolutionNode = FALSE
	EndGlobalSection
	GlobalSection(ExtensibilityGlobals) = postSolution
		SolutionGuid = {122305E5-60CC-4248-A9DF-FCA307903DDB}
	EndGlobalSection
EndGlobal
