
Microsoft Visual Studio Solution File, Format Version 12.00
# Visual Studio Version 17
VisualStudioVersion = 17.10.35027.167
MinimumVisualStudioVersion = 10.0.40219.1
Project("{FAE04EC0-301F-11D3-BF4B-00C04F79EFBC}") = "DPM225414_TranNamDat_KtrDesignPattern", "DPM225414_TranNamDat_KtrDesignPattern\DPM225414_TranNamDat_KtrDesignPattern.csproj", "{7CC4CAE7-C8EC-400C-9681-FC3C9B717EDB}"
EndProject
Global
	GlobalSection(SolutionConfigurationPlatforms) = preSolution
		Debug|Any CPU = Debug|Any CPU
		Release|Any CPU = Release|Any CPU
	EndGlobalSection
	GlobalSection(ProjectConfigurationPlatforms) = postSolution
		{7CC4CAE7-C8EC-400C-9681-FC3C9B717EDB}.Debug|Any CPU.ActiveCfg = Debug|Any CPU
		{7CC4CAE7-C8EC-400C-9681-FC3C9B717EDB}.Debug|Any CPU.Build.0 = Debug|Any CPU
		{7CC4CAE7-C8EC-400C-9681-FC3C9B717EDB}.Release|Any CPU.ActiveCfg = Release|Any CPU
		{7CC4CAE7-C8EC-400C-9681-FC3C9B717EDB}.Release|Any CPU.Build.0 = Release|Any CPU
	EndGlobalSection
	GlobalSection(SolutionProperties) = preSolution
		HideSolutionNode = FALSE
	EndGlobalSection
	GlobalSection(ExtensibilityGlobals) = postSolution
		SolutionGuid = {6AC78362-4C30-4E12-9C59-710CD4D41134}
	EndGlobalSection
EndGlobal
