
Microsoft Visual Studio Solution File, Format Version 12.00
# Visual Studio Version 17
VisualStudioVersion = 17.10.35027.167
MinimumVisualStudioVersion = 10.0.40219.1
Project("{FAE04EC0-301F-11D3-BF4B-00C04F79EFBC}") = "DPM225452_DoanTrongNhan_Pattern22_Template", "DPM225452_DoanTrongNhan_Pattern22_Template\DPM225452_DoanTrongNhan_Pattern22_Template.csproj", "{EECCD474-7300-4930-9B4D-E0CB3CD3D15A}"
EndProject
Global
	GlobalSection(SolutionConfigurationPlatforms) = preSolution
		Debug|Any CPU = Debug|Any CPU
		Release|Any CPU = Release|Any CPU
	EndGlobalSection
	GlobalSection(ProjectConfigurationPlatforms) = postSolution
		{EECCD474-7300-4930-9B4D-E0CB3CD3D15A}.Debug|Any CPU.ActiveCfg = Debug|Any CPU
		{EECCD474-7300-4930-9B4D-E0CB3CD3D15A}.Debug|Any CPU.Build.0 = Debug|Any CPU
		{EECCD474-7300-4930-9B4D-E0CB3CD3D15A}.Release|Any CPU.ActiveCfg = Release|Any CPU
		{EECCD474-7300-4930-9B4D-E0CB3CD3D15A}.Release|Any CPU.Build.0 = Release|Any CPU
	EndGlobalSection
	GlobalSection(SolutionProperties) = preSolution
		HideSolutionNode = FALSE
	EndGlobalSection
	GlobalSection(ExtensibilityGlobals) = postSolution
		SolutionGuid = {D3AC162E-7B03-4A10-B494-A7F85AB0D3A6}
	EndGlobalSection
EndGlobal
