
Microsoft Visual Studio Solution File, Format Version 12.00
# Visual Studio Version 17
VisualStudioVersion = 17.10.35027.167
MinimumVisualStudioVersion = 10.0.40219.1
Project("{FAE04EC0-301F-11D3-BF4B-00C04F79EFBC}") = "DPM225414_TranNamDat_Pattern13_ChainOfResponsibility", "DPM225414_TranNamDat_Pattern13_ChainOfResponsibility.csproj", "{6E4557BD-A4F2-4361-B1E0-58D31B1BD234}"
EndProject
Global
	GlobalSection(SolutionConfigurationPlatforms) = preSolution
		Debug|Any CPU = Debug|Any CPU
		Release|Any CPU = Release|Any CPU
	EndGlobalSection
	GlobalSection(ProjectConfigurationPlatforms) = postSolution
		{6E4557BD-A4F2-4361-B1E0-58D31B1BD234}.Debug|Any CPU.ActiveCfg = Debug|Any CPU
		{6E4557BD-A4F2-4361-B1E0-58D31B1BD234}.Debug|Any CPU.Build.0 = Debug|Any CPU
		{6E4557BD-A4F2-4361-B1E0-58D31B1BD234}.Release|Any CPU.ActiveCfg = Release|Any CPU
		{6E4557BD-A4F2-4361-B1E0-58D31B1BD234}.Release|Any CPU.Build.0 = Release|Any CPU
	EndGlobalSection
	GlobalSection(SolutionProperties) = preSolution
		HideSolutionNode = FALSE
	EndGlobalSection
	GlobalSection(ExtensibilityGlobals) = postSolution
		SolutionGuid = {16E6A27A-5D3A-4947-B10A-79E9057C8DC6}
	EndGlobalSection
EndGlobal
