
Microsoft Visual Studio Solution File, Format Version 12.00
# Visual Studio Version 17
VisualStudioVersion = 17.10.35027.167
MinimumVisualStudioVersion = 10.0.40219.1
Project("{FAE04EC0-301F-11D3-BF4B-00C04F79EFBC}") = "DPM225452_DoanTrongNhan_Pattern17_Mediator", "DPM225452_DoanTrongNhan_Pattern17_Mediator\DPM225452_DoanTrongNhan_Pattern17_Mediator.csproj", "{4D188F7F-C6E7-4653-9B17-C00C84AAF1EC}"
EndProject
Global
	GlobalSection(SolutionConfigurationPlatforms) = preSolution
		Debug|Any CPU = Debug|Any CPU
		Release|Any CPU = Release|Any CPU
	EndGlobalSection
	GlobalSection(ProjectConfigurationPlatforms) = postSolution
		{4D188F7F-C6E7-4653-9B17-C00C84AAF1EC}.Debug|Any CPU.ActiveCfg = Debug|Any CPU
		{4D188F7F-C6E7-4653-9B17-C00C84AAF1EC}.Debug|Any CPU.Build.0 = Debug|Any CPU
		{4D188F7F-C6E7-4653-9B17-C00C84AAF1EC}.Release|Any CPU.ActiveCfg = Release|Any CPU
		{4D188F7F-C6E7-4653-9B17-C00C84AAF1EC}.Release|Any CPU.Build.0 = Release|Any CPU
	EndGlobalSection
	GlobalSection(SolutionProperties) = preSolution
		HideSolutionNode = FALSE
	EndGlobalSection
	GlobalSection(ExtensibilityGlobals) = postSolution
		SolutionGuid = {2072BF57-C7F1-49F3-AA73-52362760DD4D}
	EndGlobalSection
EndGlobal
