
Microsoft Visual Studio Solution File, Format Version 12.00
# Visual Studio Version 17
VisualStudioVersion = 17.10.35027.167
MinimumVisualStudioVersion = 10.0.40219.1
Project("{FAE04EC0-301F-11D3-BF4B-00C04F79EFBC}") = "DPM225452_DoanTrongNhan_Pattern21_Strategy", "DPM225452_DoanTrongNhan_Pattern21_Strategy\DPM225452_DoanTrongNhan_Pattern21_Strategy.csproj", "{8E9B2DB3-501D-47A3-B0C3-B3D45C35C2D2}"
EndProject
Global
	GlobalSection(SolutionConfigurationPlatforms) = preSolution
		Debug|Any CPU = Debug|Any CPU
		Release|Any CPU = Release|Any CPU
	EndGlobalSection
	GlobalSection(ProjectConfigurationPlatforms) = postSolution
		{8E9B2DB3-501D-47A3-B0C3-B3D45C35C2D2}.Debug|Any CPU.ActiveCfg = Debug|Any CPU
		{8E9B2DB3-501D-47A3-B0C3-B3D45C35C2D2}.Debug|Any CPU.Build.0 = Debug|Any CPU
		{8E9B2DB3-501D-47A3-B0C3-B3D45C35C2D2}.Release|Any CPU.ActiveCfg = Release|Any CPU
		{8E9B2DB3-501D-47A3-B0C3-B3D45C35C2D2}.Release|Any CPU.Build.0 = Release|Any CPU
	EndGlobalSection
	GlobalSection(SolutionProperties) = preSolution
		HideSolutionNode = FALSE
	EndGlobalSection
	GlobalSection(ExtensibilityGlobals) = postSolution
		SolutionGuid = {C3FCC888-B04F-4FDD-A5F0-4829E2A743A1}
	EndGlobalSection
EndGlobal
