
Microsoft Visual Studio Solution File, Format Version 12.00
# Visual Studio Version 17
VisualStudioVersion = 17.13.35919.96 d17.13
MinimumVisualStudioVersion = 10.0.40219.1
Project("{FAE04EC0-301F-11D3-BF4B-00C04F79EFBC}") = "DPM225414_TranNamDat_Pattern07_BridgePattern", "DPM225414_TranNamDat_Pattern07_BridgePattern.csproj", "{9DCD7923-0741-4340-A42A-B8FD7D69EA12}"
EndProject
Global
	GlobalSection(SolutionConfigurationPlatforms) = preSolution
		Debug|Any CPU = Debug|Any CPU
		Release|Any CPU = Release|Any CPU
	EndGlobalSection
	GlobalSection(ProjectConfigurationPlatforms) = postSolution
		{9DCD7923-0741-4340-A42A-B8FD7D69EA12}.Debug|Any CPU.ActiveCfg = Debug|Any CPU
		{9DCD7923-0741-4340-A42A-B8FD7D69EA12}.Debug|Any CPU.Build.0 = Debug|Any CPU
		{9DCD7923-0741-4340-A42A-B8FD7D69EA12}.Release|Any CPU.ActiveCfg = Release|Any CPU
		{9DCD7923-0741-4340-A42A-B8FD7D69EA12}.Release|Any CPU.Build.0 = Release|Any CPU
	EndGlobalSection
	GlobalSection(SolutionProperties) = preSolution
		HideSolutionNode = FALSE
	EndGlobalSection
	GlobalSection(ExtensibilityGlobals) = postSolution
		SolutionGuid = {B9035AAC-9973-4F51-A518-1BA1777C7950}
	EndGlobalSection
EndGlobal
