
Microsoft Visual Studio Solution File, Format Version 12.00
# Visual Studio Version 17
VisualStudioVersion = 17.10.35027.167
MinimumVisualStudioVersion = 10.0.40219.1
Project("{FAE04EC0-301F-11D3-BF4B-00C04F79EFBC}") = "DPM225414_TranNamDat_Myworld04_Prototype", "DPM225414_TranNamDat_Myworld04_Prototype\DPM225414_TranNamDat_Myworld04_Prototype.csproj", "{B4DF2C63-B313-4226-83C2-48AC1A7080B0}"
EndProject
Global
	GlobalSection(SolutionConfigurationPlatforms) = preSolution
		Debug|Any CPU = Debug|Any CPU
		Release|Any CPU = Release|Any CPU
	EndGlobalSection
	GlobalSection(ProjectConfigurationPlatforms) = postSolution
		{B4DF2C63-B313-4226-83C2-48AC1A7080B0}.Debug|Any CPU.ActiveCfg = Debug|Any CPU
		{B4DF2C63-B313-4226-83C2-48AC1A7080B0}.Debug|Any CPU.Build.0 = Debug|Any CPU
		{B4DF2C63-B313-4226-83C2-48AC1A7080B0}.Release|Any CPU.ActiveCfg = Release|Any CPU
		{B4DF2C63-B313-4226-83C2-48AC1A7080B0}.Release|Any CPU.Build.0 = Release|Any CPU
	EndGlobalSection
	GlobalSection(SolutionProperties) = preSolution
		HideSolutionNode = FALSE
	EndGlobalSection
	GlobalSection(ExtensibilityGlobals) = postSolution
		SolutionGuid = {39E07EF5-9CD5-4703-A995-193B6188D44B}
	EndGlobalSection
EndGlobal
