
Microsoft Visual Studio Solution File, Format Version 12.00
# Visual Studio Version 17
VisualStudioVersion = 17.10.35027.167
MinimumVisualStudioVersion = 10.0.40219.1
Project("{FAE04EC0-301F-11D3-BF4B-00C04F79EFBC}") = "DPM225452_DoanTrongNhan_Real22_Template", "DPM225452_DoanTrongNhan_Real22_Template\DPM225452_DoanTrongNhan_Real22_Template.csproj", "{7E51B63B-CB1D-492A-9EA5-AC7B98B223DB}"
EndProject
Global
	GlobalSection(SolutionConfigurationPlatforms) = preSolution
		Debug|Any CPU = Debug|Any CPU
		Release|Any CPU = Release|Any CPU
	EndGlobalSection
	GlobalSection(ProjectConfigurationPlatforms) = postSolution
		{7E51B63B-CB1D-492A-9EA5-AC7B98B223DB}.Debug|Any CPU.ActiveCfg = Debug|Any CPU
		{7E51B63B-CB1D-492A-9EA5-AC7B98B223DB}.Debug|Any CPU.Build.0 = Debug|Any CPU
		{7E51B63B-CB1D-492A-9EA5-AC7B98B223DB}.Release|Any CPU.ActiveCfg = Release|Any CPU
		{7E51B63B-CB1D-492A-9EA5-AC7B98B223DB}.Release|Any CPU.Build.0 = Release|Any CPU
	EndGlobalSection
	GlobalSection(SolutionProperties) = preSolution
		HideSolutionNode = FALSE
	EndGlobalSection
	GlobalSection(ExtensibilityGlobals) = postSolution
		SolutionGuid = {6AC29F5F-49F2-4FCB-8540-A8938DDDF615}
	EndGlobalSection
EndGlobal
